
Microsoft Visual Studio Solution File, Format Version 12.00
# Visual Studio 15
VisualStudioVersion = 15.0.27004.2006
MinimumVisualStudioVersion = 10.0.40219.1
Project("{FAE04EC0-301F-11D3-BF4B-00C04F79EFBC}") = "FindFiles", "FindFiles\FindFiles.csproj", "{796C0F6E-F53B-4F75-9E05-FCE933FBA142}"
EndProject
Global
	GlobalSection(SolutionConfigurationPlatforms) = preSolution
		Debug|Any CPU = Debug|Any CPU
		Release|Any CPU = Release|Any CPU
	EndGlobalSection
	GlobalSection(ProjectConfigurationPlatforms) = postSolution
		{796C0F6E-F53B-4F75-9E05-FCE933FBA142}.Debug|Any CPU.ActiveCfg = Debug|Any CPU
		{796C0F6E-F53B-4F75-9E05-FCE933FBA142}.Debug|Any CPU.Build.0 = Debug|Any CPU
		{796C0F6E-F53B-4F75-9E05-FCE933FBA142}.Release|Any CPU.ActiveCfg = Release|Any CPU
		{796C0F6E-F53B-4F75-9E05-FCE933FBA142}.Release|Any CPU.Build.0 = Release|Any CPU
	EndGlobalSection
	GlobalSection(SolutionProperties) = preSolution
		HideSolutionNode = FALSE
	EndGlobalSection
	GlobalSection(ExtensibilityGlobals) = postSolution
		SolutionGuid = {BB63EFD4-8A98-4877-8FB0-1387B7280739}
	EndGlobalSection
EndGlobal
